
Microsoft Visual Studio Solution File, Format Version 12.00
# Visual Studio Version 16
VisualStudioVersion = 16.0.31702.278
MinimumVisualStudioVersion = 10.0.40219.1
Project("{FAE04EC0-301F-11D3-BF4B-00C04F79EFBC}") = "MicroLog.Core", "MicroLog.Core\MicroLog.Core.csproj", "{DFF1E84F-514C-4D0A-8CA6-1C0EC6D20AE2}"
EndProject
Global
	GlobalSection(SolutionConfigurationPlatforms) = preSolution
		Debug|Any CPU = Debug|Any CPU
		Release|Any CPU = Release|Any CPU
	EndGlobalSection
	GlobalSection(ProjectConfigurationPlatforms) = postSolution
		{DFF1E84F-514C-4D0A-8CA6-1C0EC6D20AE2}.Debug|Any CPU.ActiveCfg = Debug|Any CPU
		{DFF1E84F-514C-4D0A-8CA6-1C0EC6D20AE2}.Debug|Any CPU.Build.0 = Debug|Any CPU
		{DFF1E84F-514C-4D0A-8CA6-1C0EC6D20AE2}.Release|Any CPU.ActiveCfg = Release|Any CPU
		{DFF1E84F-514C-4D0A-8CA6-1C0EC6D20AE2}.Release|Any CPU.Build.0 = Release|Any CPU
	EndGlobalSection
	GlobalSection(SolutionProperties) = preSolution
		HideSolutionNode = FALSE
	EndGlobalSection
	GlobalSection(ExtensibilityGlobals) = postSolution
		SolutionGuid = {8876A5B1-768F-403B-9418-15E551AA6890}
	EndGlobalSection
EndGlobal
